
Microsoft Visual Studio Solution File, Format Version 12.00
# Visual Studio Version 17
VisualStudioVersion = 17.7.33913.275
MinimumVisualStudioVersion = 10.0.40219.1
Project("{FAE04EC0-301F-11D3-BF4B-00C04F79EFBC}") = "TCSASystems.Blazor.EmployeerManagement", "TCSASystems.Blazor.EmployeerManagement\TCSASystems.Blazor.EmployeerManagement.csproj", "{DD731109-CF3F-4A88-A226-32F56F3F7B36}"
EndProject
Global
	GlobalSection(SolutionConfigurationPlatforms) = preSolution
		Debug|Any CPU = Debug|Any CPU
		Release|Any CPU = Release|Any CPU
	EndGlobalSection
	GlobalSection(ProjectConfigurationPlatforms) = postSolution
		{DD731109-CF3F-4A88-A226-32F56F3F7B36}.Debug|Any CPU.ActiveCfg = Debug|Any CPU
		{DD731109-CF3F-4A88-A226-32F56F3F7B36}.Debug|Any CPU.Build.0 = Debug|Any CPU
		{DD731109-CF3F-4A88-A226-32F56F3F7B36}.Release|Any CPU.ActiveCfg = Release|Any CPU
		{DD731109-CF3F-4A88-A226-32F56F3F7B36}.Release|Any CPU.Build.0 = Release|Any CPU
	EndGlobalSection
	GlobalSection(SolutionProperties) = preSolution
		HideSolutionNode = FALSE
	EndGlobalSection
	GlobalSection(ExtensibilityGlobals) = postSolution
		SolutionGuid = {BA3E5A41-AE05-42D6-81A7-D68B7E82ACFF}
	EndGlobalSection
EndGlobal
